
Microsoft Visual Studio Solution File, Format Version 12.00
# Visual Studio 15
VisualStudioVersion = 15.0.28307.572
MinimumVisualStudioVersion = 10.0.40219.1
Project("{FAE04EC0-301F-11D3-BF4B-00C04F79EFBC}") = "Vanch.FirstProgram", "Vanch.FirstProgram\Vanch.FirstProgram.csproj", "{70372A83-17E4-41DA-8638-9683252CA918}"
EndProject
Global
	GlobalSection(SolutionConfigurationPlatforms) = preSolution
		Debug|Any CPU = Debug|Any CPU
		Release|Any CPU = Release|Any CPU
	EndGlobalSection
	GlobalSection(ProjectConfigurationPlatforms) = postSolution
		{70372A83-17E4-41DA-8638-9683252CA918}.Debug|Any CPU.ActiveCfg = Debug|Any CPU
		{70372A83-17E4-41DA-8638-9683252CA918}.Debug|Any CPU.Build.0 = Debug|Any CPU
		{70372A83-17E4-41DA-8638-9683252CA918}.Release|Any CPU.ActiveCfg = Release|Any CPU
		{70372A83-17E4-41DA-8638-9683252CA918}.Release|Any CPU.Build.0 = Release|Any CPU
	EndGlobalSection
	GlobalSection(SolutionProperties) = preSolution
		HideSolutionNode = FALSE
	EndGlobalSection
	GlobalSection(ExtensibilityGlobals) = postSolution
		SolutionGuid = {64A18105-B93C-47A2-A207-CF5655F5EF6A}
	EndGlobalSection
EndGlobal
